
Microsoft Visual Studio Solution File, Format Version 12.00
# Visual Studio Version 17
VisualStudioVersion = 17.3.32901.215
MinimumVisualStudioVersion = 10.0.40219.1
Project("{FAE04EC0-301F-11D3-BF4B-00C04F79EFBC}") = "EShop", "EShop\EShop.csproj", "{A80C2F04-3DDC-4941-9D3A-79A68C8B8095}"
EndProject
Project("{FAE04EC0-301F-11D3-BF4B-00C04F79EFBC}") = "TestVeterinaria", "TestVeterinaria\TestVeterinaria.csproj", "{40954A22-1346-4192-8855-FA3D629B18FB}"
EndProject
Global
	GlobalSection(SolutionConfigurationPlatforms) = preSolution
		Debug|Any CPU = Debug|Any CPU
		Release|Any CPU = Release|Any CPU
	EndGlobalSection
	GlobalSection(ProjectConfigurationPlatforms) = postSolution
		{A80C2F04-3DDC-4941-9D3A-79A68C8B8095}.Debug|Any CPU.ActiveCfg = Debug|Any CPU
		{A80C2F04-3DDC-4941-9D3A-79A68C8B8095}.Debug|Any CPU.Build.0 = Debug|Any CPU
		{A80C2F04-3DDC-4941-9D3A-79A68C8B8095}.Release|Any CPU.ActiveCfg = Release|Any CPU
		{A80C2F04-3DDC-4941-9D3A-79A68C8B8095}.Release|Any CPU.Build.0 = Release|Any CPU
		{40954A22-1346-4192-8855-FA3D629B18FB}.Debug|Any CPU.ActiveCfg = Debug|Any CPU
		{40954A22-1346-4192-8855-FA3D629B18FB}.Debug|Any CPU.Build.0 = Debug|Any CPU
		{40954A22-1346-4192-8855-FA3D629B18FB}.Release|Any CPU.ActiveCfg = Release|Any CPU
		{40954A22-1346-4192-8855-FA3D629B18FB}.Release|Any CPU.Build.0 = Release|Any CPU
	EndGlobalSection
	GlobalSection(SolutionProperties) = preSolution
		HideSolutionNode = FALSE
	EndGlobalSection
	GlobalSection(ExtensibilityGlobals) = postSolution
		SolutionGuid = {C8B2EFCD-4671-4083-9799-7531BF95FF37}
	EndGlobalSection
EndGlobal
