
Microsoft Visual Studio Solution File, Format Version 12.00
# Visual Studio Version 17
VisualStudioVersion = 17.3.32901.215
MinimumVisualStudioVersion = 10.0.40219.1
Project("{FAE04EC0-301F-11D3-BF4B-00C04F79EFBC}") = "07-ComunicacionEntreForms", "07-ComunicacionEntreForms\07-ComunicacionEntreForms.csproj", "{FF44BE91-81C1-4978-9149-CE06A16F5141}"
EndProject
Global
	GlobalSection(SolutionConfigurationPlatforms) = preSolution
		Debug|Any CPU = Debug|Any CPU
		Release|Any CPU = Release|Any CPU
	EndGlobalSection
	GlobalSection(ProjectConfigurationPlatforms) = postSolution
		{FF44BE91-81C1-4978-9149-CE06A16F5141}.Debug|Any CPU.ActiveCfg = Debug|Any CPU
		{FF44BE91-81C1-4978-9149-CE06A16F5141}.Debug|Any CPU.Build.0 = Debug|Any CPU
		{FF44BE91-81C1-4978-9149-CE06A16F5141}.Release|Any CPU.ActiveCfg = Release|Any CPU
		{FF44BE91-81C1-4978-9149-CE06A16F5141}.Release|Any CPU.Build.0 = Release|Any CPU
	EndGlobalSection
	GlobalSection(SolutionProperties) = preSolution
		HideSolutionNode = FALSE
	EndGlobalSection
	GlobalSection(ExtensibilityGlobals) = postSolution
		SolutionGuid = {4F86A0DE-0769-406E-B76A-B823BBB1BE7E}
	EndGlobalSection
EndGlobal
