
Microsoft Visual Studio Solution File, Format Version 12.00
# Visual Studio Version 17
VisualStudioVersion = 17.3.32901.215
MinimumVisualStudioVersion = 10.0.40219.1
Project("{9A19103F-16F7-4668-BE54-9A1E7A4F7556}") = "16-SalaDeChat", "16-SalaDeChat\16-SalaDeChat.csproj", "{1CA8FDD2-0501-492E-9DC0-DCFD4861346D}"
EndProject
Project("{9A19103F-16F7-4668-BE54-9A1E7A4F7556}") = "Mensajeria", "Mensajeria\Mensajeria.csproj", "{60FAE275-98AA-489D-B11C-8E63A926FC4E}"
EndProject
Project("{9A19103F-16F7-4668-BE54-9A1E7A4F7556}") = "ChatTest", "ChatTest\ChatTest.csproj", "{497735DA-A1B5-4087-B45E-31774E592880}"
EndProject
Project("{FAE04EC0-301F-11D3-BF4B-00C04F79EFBC}") = "ConsoleApp1", "ConsoleApp1\ConsoleApp1.csproj", "{387EFE2C-DDC4-426A-9CF6-C8A5EB648777}"
EndProject
Global
	GlobalSection(SolutionConfigurationPlatforms) = preSolution
		Debug|Any CPU = Debug|Any CPU
		Release|Any CPU = Release|Any CPU
	EndGlobalSection
	GlobalSection(ProjectConfigurationPlatforms) = postSolution
		{1CA8FDD2-0501-492E-9DC0-DCFD4861346D}.Debug|Any CPU.ActiveCfg = Debug|Any CPU
		{1CA8FDD2-0501-492E-9DC0-DCFD4861346D}.Debug|Any CPU.Build.0 = Debug|Any CPU
		{1CA8FDD2-0501-492E-9DC0-DCFD4861346D}.Release|Any CPU.ActiveCfg = Release|Any CPU
		{1CA8FDD2-0501-492E-9DC0-DCFD4861346D}.Release|Any CPU.Build.0 = Release|Any CPU
		{60FAE275-98AA-489D-B11C-8E63A926FC4E}.Debug|Any CPU.ActiveCfg = Debug|Any CPU
		{60FAE275-98AA-489D-B11C-8E63A926FC4E}.Debug|Any CPU.Build.0 = Debug|Any CPU
		{60FAE275-98AA-489D-B11C-8E63A926FC4E}.Release|Any CPU.ActiveCfg = Release|Any CPU
		{60FAE275-98AA-489D-B11C-8E63A926FC4E}.Release|Any CPU.Build.0 = Release|Any CPU
		{497735DA-A1B5-4087-B45E-31774E592880}.Debug|Any CPU.ActiveCfg = Debug|Any CPU
		{497735DA-A1B5-4087-B45E-31774E592880}.Debug|Any CPU.Build.0 = Debug|Any CPU
		{497735DA-A1B5-4087-B45E-31774E592880}.Release|Any CPU.ActiveCfg = Release|Any CPU
		{497735DA-A1B5-4087-B45E-31774E592880}.Release|Any CPU.Build.0 = Release|Any CPU
		{387EFE2C-DDC4-426A-9CF6-C8A5EB648777}.Debug|Any CPU.ActiveCfg = Debug|Any CPU
		{387EFE2C-DDC4-426A-9CF6-C8A5EB648777}.Debug|Any CPU.Build.0 = Debug|Any CPU
		{387EFE2C-DDC4-426A-9CF6-C8A5EB648777}.Release|Any CPU.ActiveCfg = Release|Any CPU
		{387EFE2C-DDC4-426A-9CF6-C8A5EB648777}.Release|Any CPU.Build.0 = Release|Any CPU
	EndGlobalSection
	GlobalSection(SolutionProperties) = preSolution
		HideSolutionNode = FALSE
	EndGlobalSection
	GlobalSection(ExtensibilityGlobals) = postSolution
		SolutionGuid = {AB5582E3-3B1D-4B25-B7C6-36E00635DE13}
	EndGlobalSection
EndGlobal
