
Microsoft Visual Studio Solution File, Format Version 12.00
# Visual Studio Version 17
VisualStudioVersion = 17.3.32901.215
MinimumVisualStudioVersion = 10.0.40219.1
Project("{FAE04EC0-301F-11D3-BF4B-00C04F79EFBC}") = "13-LINQ-Contains", "13-LINQ-Contains\13-LINQ-Contains.csproj", "{759F45A5-2E34-4ADD-A68F-A0451957B481}"
EndProject
Global
	GlobalSection(SolutionConfigurationPlatforms) = preSolution
		Debug|Any CPU = Debug|Any CPU
		Release|Any CPU = Release|Any CPU
	EndGlobalSection
	GlobalSection(ProjectConfigurationPlatforms) = postSolution
		{759F45A5-2E34-4ADD-A68F-A0451957B481}.Debug|Any CPU.ActiveCfg = Debug|Any CPU
		{759F45A5-2E34-4ADD-A68F-A0451957B481}.Debug|Any CPU.Build.0 = Debug|Any CPU
		{759F45A5-2E34-4ADD-A68F-A0451957B481}.Release|Any CPU.ActiveCfg = Release|Any CPU
		{759F45A5-2E34-4ADD-A68F-A0451957B481}.Release|Any CPU.Build.0 = Release|Any CPU
	EndGlobalSection
	GlobalSection(SolutionProperties) = preSolution
		HideSolutionNode = FALSE
	EndGlobalSection
	GlobalSection(ExtensibilityGlobals) = postSolution
		SolutionGuid = {E3DDCD5F-67BD-4480-912D-7FCD235FA189}
	EndGlobalSection
EndGlobal
