
Microsoft Visual Studio Solution File, Format Version 12.00
# Visual Studio Version 17
VisualStudioVersion = 17.3.32901.215
MinimumVisualStudioVersion = 10.0.40219.1
Project("{FAE04EC0-301F-11D3-BF4B-00C04F79EFBC}") = "15-ReferenceObjectsInLists", "15-ReferenceObjectsInLists\15-ReferenceObjectsInLists.csproj", "{74C7977A-15E2-43B2-92A1-EE17CE9FA0F6}"
EndProject
Global
	GlobalSection(SolutionConfigurationPlatforms) = preSolution
		Debug|Any CPU = Debug|Any CPU
		Release|Any CPU = Release|Any CPU
	EndGlobalSection
	GlobalSection(ProjectConfigurationPlatforms) = postSolution
		{74C7977A-15E2-43B2-92A1-EE17CE9FA0F6}.Debug|Any CPU.ActiveCfg = Debug|Any CPU
		{74C7977A-15E2-43B2-92A1-EE17CE9FA0F6}.Debug|Any CPU.Build.0 = Debug|Any CPU
		{74C7977A-15E2-43B2-92A1-EE17CE9FA0F6}.Release|Any CPU.ActiveCfg = Release|Any CPU
		{74C7977A-15E2-43B2-92A1-EE17CE9FA0F6}.Release|Any CPU.Build.0 = Release|Any CPU
	EndGlobalSection
	GlobalSection(SolutionProperties) = preSolution
		HideSolutionNode = FALSE
	EndGlobalSection
	GlobalSection(ExtensibilityGlobals) = postSolution
		SolutionGuid = {7D1C8D9A-71E7-4AEA-BB84-A7BFAB451142}
	EndGlobalSection
EndGlobal
