
Microsoft Visual Studio Solution File, Format Version 12.00
# Visual Studio Version 17
VisualStudioVersion = 17.3.32819.101
MinimumVisualStudioVersion = 10.0.40219.1
Project("{FAE04EC0-301F-11D3-BF4B-00C04F79EFBC}") = "PropiedadesEjemplo", "I02-VosCuantasPrimaverasTenes\PropiedadesEjemplo.csproj", "{1DA82323-F8F3-409B-B9C9-2F63E66277FD}"
EndProject
Global
	GlobalSection(SolutionConfigurationPlatforms) = preSolution
		Debug|Any CPU = Debug|Any CPU
		Release|Any CPU = Release|Any CPU
	EndGlobalSection
	GlobalSection(ProjectConfigurationPlatforms) = postSolution
		{1DA82323-F8F3-409B-B9C9-2F63E66277FD}.Debug|Any CPU.ActiveCfg = Debug|Any CPU
		{1DA82323-F8F3-409B-B9C9-2F63E66277FD}.Debug|Any CPU.Build.0 = Debug|Any CPU
		{1DA82323-F8F3-409B-B9C9-2F63E66277FD}.Release|Any CPU.ActiveCfg = Release|Any CPU
		{1DA82323-F8F3-409B-B9C9-2F63E66277FD}.Release|Any CPU.Build.0 = Release|Any CPU
	EndGlobalSection
	GlobalSection(SolutionProperties) = preSolution
		HideSolutionNode = FALSE
	EndGlobalSection
	GlobalSection(ExtensibilityGlobals) = postSolution
		SolutionGuid = {81F337D6-F28D-46DA-BDD1-B2D02C8FFBD6}
	EndGlobalSection
EndGlobal
