
Microsoft Visual Studio Solution File, Format Version 12.00
# Visual Studio Version 17
VisualStudioVersion = 17.3.32819.101
MinimumVisualStudioVersion = 10.0.40219.1
Project("{FAE04EC0-301F-11D3-BF4B-00C04F79EFBC}") = "EjPropiedades", "EjPropiedades\EjPropiedades.csproj", "{5F92584F-56E9-43EA-B5A8-F922447B6266}"
EndProject
Global
	GlobalSection(SolutionConfigurationPlatforms) = preSolution
		Debug|Any CPU = Debug|Any CPU
		Release|Any CPU = Release|Any CPU
	EndGlobalSection
	GlobalSection(ProjectConfigurationPlatforms) = postSolution
		{5F92584F-56E9-43EA-B5A8-F922447B6266}.Debug|Any CPU.ActiveCfg = Debug|Any CPU
		{5F92584F-56E9-43EA-B5A8-F922447B6266}.Debug|Any CPU.Build.0 = Debug|Any CPU
		{5F92584F-56E9-43EA-B5A8-F922447B6266}.Release|Any CPU.ActiveCfg = Release|Any CPU
		{5F92584F-56E9-43EA-B5A8-F922447B6266}.Release|Any CPU.Build.0 = Release|Any CPU
	EndGlobalSection
	GlobalSection(SolutionProperties) = preSolution
		HideSolutionNode = FALSE
	EndGlobalSection
	GlobalSection(ExtensibilityGlobals) = postSolution
		SolutionGuid = {18849411-DDDB-442E-85F2-C7E8B205F0FE}
	EndGlobalSection
EndGlobal
